github.com/budparr/hugo-theme-novela v0.0.0-20200211025245-cdde4cc03413 h1:tBA0qPUFdwAPKvovUKP+dmWJbwhfbgy95FoidMNQvHM=
github.com/budparr/hugo-theme-novela v0.0.0-20200211025245-cdde4cc03413/go.mod h1:qBa8dZTbVOmOh1hChrzJcAPrnczpmT5HFVzaYL+H4kc=
github.com/theNewDynamic/tnd-assets-js/fathom-analytics v0.0.0-20200211031742-f0839ceddda4 h1:zcjYgbCuru5qpgJoR0qLzA6JjZNVxxPjniKCrZi/GPc=
github.com/theNewDynamic/tnd-assets-js/fathom-analytics v0.0.0-20200211031742-f0839ceddda4/go.mod h1:5FViy9g47HX6odftW4G4YnqYZ1H/ayrhOiDLcm0aEJI=
github.com/theNewDynamic/tnd-assets-js/fathom-analytics v0.0.0-20200211032845-7f92de647a2d h1:S/heGyO7jBDuODXXxeBgJHJIPE79ImLsHXCRH91qjAQ=
github.com/theNewDynamic/tnd-assets-js/fathom-analytics v0.0.0-20200211032845-7f92de647a2d/go.mod h1:5FViy9g47HX6odftW4G4YnqYZ1H/ayrhOiDLcm0aEJI=
github.com/theNewDynamic/tnd-assets-js/fathom-analytics v0.0.0-20200211033453-8a36c58fe5c8 h1:N1kvXjw7pA4xUyHy1xTkGv3fl3N6X5t54Jw6dB0Diis=
github.com/theNewDynamic/tnd-assets-js/fathom-analytics v0.0.0-20200211033453-8a36c58fe5c8/go.mod h1:5FViy9g47HX6odftW4G4YnqYZ1H/ayrhOiDLcm0aEJI=
github.com/theNewDynamic/tnd-assets-js/fathom-analytics v0.0.0-20200211033838-8fe424c34a0e h1:VK8Jvja2QMSF2GjKY5stGic0qDH2Hbu85D8lHkaKs2Y=
github.com/theNewDynamic/tnd-assets-js/fathom-analytics v0.0.0-20200211033838-8fe424c34a0e/go.mod h1:5FViy9g47HX6odftW4G4YnqYZ1H/ayrhOiDLcm0aEJI=
